<?xml version="1.0" encoding="UTF-8"?>
<CONFIG>
  <ProjectOptions>
    <Version Value="11"/>
    <PathDelim Value="\"/>
    <General>
      <SessionStorage Value="InProjectDir"/>
      <MainUnit Value="0"/>
      <Title Value="Axes, Armour &amp; Ale"/>
      <Scaled Value="True"/>
      <ResourceType Value="res"/>
      <UseXPManifest Value="True"/>
      <XPManifest>
        <DpiAware Value="True"/>
      </XPManifest>
      <Icon Value="0"/>
      <Resources Count="15">
        <Resource_0 FileName="images/sprites/player_glyph.bmp" Type="BITMAP" ResourceName="PLAYER_GLYPH"/>
        <Resource_1 FileName="images/dungeon/ascii/blueDungeonFloorDef.bmp" Type="BITMAP" ResourceName="BLUEDUNGEONFLOORDEF"/>
        <Resource_2 FileName="images/dungeon/ascii/blueDungeonFloorHi.bmp" Type="BITMAP" ResourceName="BLUEDUNGEONFLOORHI"/>
        <Resource_3 FileName="images/dungeon/ascii/blueDungeonWallDef.bmp" Type="BITMAP" ResourceName="BLUEDUNGEONWALLDEF"/>
        <Resource_4 FileName="images/dungeon/ascii/blueDungeonWallHi.bmp" Type="BITMAP" ResourceName="BLUEDUNGEONWALLHI"/>
        <Resource_5 FileName="images/dungeon/ascii/caveFloorDef.bmp" Type="BITMAP" ResourceName="CAVEFLOORDEF"/>
        <Resource_6 FileName="images/dungeon/ascii/caveFloorHi.bmp" Type="BITMAP" ResourceName="CAVEFLOORHI"/>
        <Resource_7 FileName="images/dungeon/ascii/caveWallDef.bmp" Type="BITMAP" ResourceName="CAVEWALLDEF"/>
        <Resource_8 FileName="images/dungeon/ascii/caveWallHi.bmp" Type="BITMAP" ResourceName="CAVEWALLHI"/>
        <Resource_9 FileName="images/titleScreen.bmp" Type="BITMAP" ResourceName="TITLESCREEN"/>
        <Resource_10 FileName="images/sprites/r_orange.bmp" Type="BITMAP" ResourceName="R_ORANGE"/>
        <Resource_11 FileName="images/sprites/ale1.bmp" Type="BITMAP" ResourceName="ALE1"/>
        <Resource_12 FileName="images/sprites/h_red.bmp" Type="BITMAP" ResourceName="H_RED"/>
        <Resource_13 FileName="images/sprites/dagger1.bmp" Type="BITMAP" ResourceName="DAGGER1"/>
        <Resource_14 FileName="images/sprites/leather_amour1.bmp" Type="BITMAP" ResourceName="LEATHER_AMOUR1"/>
      </Resources>
    </General>
    <VersionInfo>
      <UseVersionInfo Value="True"/>
      <RevisionNr Value="17"/>
      <Language Value="0809"/>
      <Attributes pvaDebug="True"/>
      <StringTable FileDescription="A simple Roguelike game"/>
    </VersionInfo>
    <BuildModes Count="3">
      <Item1 Name="Default" Default="True"/>
      <Item2 Name="Debug">
        <CompilerOptions>
          <Version Value="11"/>
          <PathDelim Value="\"/>
          <Target>
            <Filename Value="axe"/>
          </Target>
          <SearchPaths>
            <IncludeFiles Value="$(ProjOutDir)"/>
            <OtherUnitFiles Value="dungeons;vision;entities;items;player;items\weapons"/>
            <UnitOutputDirectory Value="lib\$(TargetCPU)-$(TargetOS)"/>
          </SearchPaths>
          <Parsing>
            <SyntaxOptions>
              <IncludeAssertionCode Value="True"/>
            </SyntaxOptions>
          </Parsing>
          <CodeGeneration>
            <Checks>
              <IOChecks Value="True"/>
              <RangeChecks Value="True"/>
              <OverflowChecks Value="True"/>
              <StackChecks Value="True"/>
            </Checks>
            <VerifyObjMethodCallValidity Value="True"/>
          </CodeGeneration>
          <Linking>
            <Debugging>
              <DebugInfoType Value="dsDwarf2Set"/>
              <UseHeaptrc Value="True"/>
              <TrashVariables Value="True"/>
              <UseExternalDbgSyms Value="True"/>
            </Debugging>
            <Options>
              <Win32>
                <GraphicApplication Value="True"/>
              </Win32>
            </Options>
          </Linking>
        </CompilerOptions>
      </Item2>
      <Item3 Name="Release">
        <CompilerOptions>
          <Version Value="11"/>
          <PathDelim Value="\"/>
          <Target>
            <Filename Value="axe"/>
          </Target>
          <SearchPaths>
            <IncludeFiles Value="$(ProjOutDir)"/>
            <OtherUnitFiles Value="dungeons;vision;entities;items;player;items\weapons"/>
            <UnitOutputDirectory Value="lib\$(TargetCPU)-$(TargetOS)"/>
          </SearchPaths>
          <CodeGeneration>
            <RelocatableUnit Value="True"/>
            <Optimizations>
              <OptimizationLevel Value="4"/>
            </Optimizations>
            <SmallerCode Value="True"/>
          </CodeGeneration>
          <Linking>
            <Debugging>
              <GenerateDebugInfo Value="False"/>
            </Debugging>
            <Options>
              <Win32>
                <GraphicApplication Value="True"/>
              </Win32>
            </Options>
          </Linking>
        </CompilerOptions>
      </Item3>
    </BuildModes>
    <PublishOptions>
      <Version Value="2"/>
      <DestinationDirectory Value="C:\Users\ch220\Documents\FreePascal\codeToPost"/>
      <CompressFinally Value="False"/>
      <UseFileFilters Value="True"/>
    </PublishOptions>
    <RunParams>
      <FormatVersion Value="2"/>
      <Modes Count="0"/>
    </RunParams>
    <RequiredPackages Count="1">
      <Item1>
        <PackageName Value="LCL"/>
      </Item1>
    </RequiredPackages>
    <Units Count="18">
      <Unit0>
        <Filename Value="axe.lpr"/>
        <IsPartOfProject Value="True"/>
      </Unit0>
      <Unit1>
        <Filename Value="main.pas"/>
        <IsPartOfProject Value="True"/>
        <ComponentName Value="GameWindow"/>
        <HasResources Value="True"/>
        <ResourceBaseClass Value="Form"/>
      </Unit1>
      <Unit2>
        <Filename Value="map.pas"/>
        <IsPartOfProject Value="True"/>
      </Unit2>
      <Unit3>
        <Filename Value="dungeons\cave.pas"/>
        <IsPartOfProject Value="True"/>
      </Unit3>
      <Unit4>
        <Filename Value="globalutils.pas"/>
        <IsPartOfProject Value="True"/>
      </Unit4>
      <Unit5>
        <Filename Value="player\player.pas"/>
        <IsPartOfProject Value="True"/>
      </Unit5>
      <Unit6>
        <Filename Value="vision\fov.pas"/>
        <IsPartOfProject Value="True"/>
      </Unit6>
      <Unit7>
        <Filename Value="dungeons\grid_dungeon.pas"/>
        <IsPartOfProject Value="True"/>
      </Unit7>
      <Unit8>
        <Filename Value="ui.pas"/>
        <IsPartOfProject Value="True"/>
      </Unit8>
      <Unit9>
        <Filename Value="entities.pas"/>
        <IsPartOfProject Value="True"/>
      </Unit9>
      <Unit10>
        <Filename Value="entities\cave_rat.pas"/>
        <IsPartOfProject Value="True"/>
      </Unit10>
      <Unit11>
        <Filename Value="plot_gen.pas"/>
        <IsPartOfProject Value="True"/>
      </Unit11>
      <Unit12>
        <Filename Value="vision\los.pas"/>
        <IsPartOfProject Value="True"/>
      </Unit12>
      <Unit13>
        <Filename Value="items.pas"/>
        <IsPartOfProject Value="True"/>
      </Unit13>
      <Unit14>
        <Filename Value="items\ale_tankard.pas"/>
        <IsPartOfProject Value="True"/>
      </Unit14>
      <Unit15>
        <Filename Value="player\player_inventory.pas"/>
        <IsPartOfProject Value="True"/>
      </Unit15>
      <Unit16>
        <Filename Value="entities\hyena.pas"/>
        <IsPartOfProject Value="True"/>
      </Unit16>
      <Unit17>
        <Filename Value="items\weapons\dagger.pas"/>
        <IsPartOfProject Value="True"/>
      </Unit17>
    </Units>
  </ProjectOptions>
  <CompilerOptions>
    <Version Value="11"/>
    <PathDelim Value="\"/>
    <Target>
      <Filename Value="axe"/>
    </Target>
    <SearchPaths>
      <IncludeFiles Value="$(ProjOutDir)"/>
      <OtherUnitFiles Value="dungeons;vision;entities;items;player;items\weapons"/>
      <UnitOutputDirectory Value="lib\$(TargetCPU)-$(TargetOS)"/>
    </SearchPaths>
    <Linking>
      <Options>
        <Win32>
          <GraphicApplication Value="True"/>
        </Win32>
      </Options>
    </Linking>
  </CompilerOptions>
</CONFIG>
