<?xml version="1.0" encoding="UTF-8"?>
<CONFIG>
  <ProjectOptions>
    <Version Value="11"/>
    <PathDelim Value="\"/>
    <General>
      <SessionStorage Value="InProjectDir"/>
      <MainUnit Value="0"/>
      <Title Value="Axes, Armour &amp; Ale"/>
      <Scaled Value="True"/>
      <ResourceType Value="res"/>
      <UseXPManifest Value="True"/>
      <XPManifest>
        <DpiAware Value="True"/>
      </XPManifest>
      <Icon Value="0"/>
      <Resources Count="58">
        <Resource_0 FileName="images/sprites/player_glyph.bmp" Type="BITMAP" ResourceName="PLAYER_GLYPH"/>
        <Resource_1 FileName="images/dungeon/ascii/blueDungeonFloorDef.bmp" Type="BITMAP" ResourceName="BLUEDUNGEONFLOORDEF"/>
        <Resource_2 FileName="images/dungeon/ascii/blueDungeonFloorHi.bmp" Type="BITMAP" ResourceName="BLUEDUNGEONFLOORHI"/>
        <Resource_3 FileName="images/dungeon/ascii/blueDungeonWallDef.bmp" Type="BITMAP" ResourceName="BLUEDUNGEONWALLDEF"/>
        <Resource_4 FileName="images/dungeon/ascii/blueDungeonWallHi.bmp" Type="BITMAP" ResourceName="BLUEDUNGEONWALLHI"/>
        <Resource_5 FileName="images/dungeon/ascii/caveFloorDef.bmp" Type="BITMAP" ResourceName="CAVEFLOORDEF"/>
        <Resource_6 FileName="images/dungeon/ascii/caveFloorHi.bmp" Type="BITMAP" ResourceName="CAVEFLOORHI"/>
        <Resource_7 FileName="images/titleScreen.bmp" Type="BITMAP" ResourceName="TITLESCREEN"/>
        <Resource_8 FileName="images/sprites/r_orange.bmp" Type="BITMAP" ResourceName="R_ORANGE"/>
        <Resource_9 FileName="images/sprites/ale1.bmp" Type="BITMAP" ResourceName="ALE1"/>
        <Resource_10 FileName="images/sprites/h_red.bmp" Type="BITMAP" ResourceName="H_RED"/>
        <Resource_11 FileName="images/sprites/basic_club.bmp" Type="BITMAP" ResourceName="BASIC_CLUB"/>
        <Resource_12 FileName="images/dungeon/ascii/caveWallDef.bmp" Type="BITMAP" ResourceName="CAVEWALLDEF"/>
        <Resource_13 FileName="images/dungeon/ascii/caveWallHi.bmp" Type="BITMAP" ResourceName="CAVEWALLHI"/>
        <Resource_14 FileName="images\sprites\b_lblue.bmp" Type="BITMAP" ResourceName="B_LBLUE"/>
        <Resource_15 FileName="images\sprites\barrel.bmp" Type="BITMAP" ResourceName="BARREL"/>
        <Resource_16 FileName="images\sprites\dagger.bmp" Type="BITMAP" ResourceName="DAGGER"/>
        <Resource_17 FileName="images\sprites\cloth_armour1.bmp" Type="BITMAP" ResourceName="CLOTH_ARMOUR1"/>
        <Resource_18 FileName="images\sprites\leather_armour1.bmp" Type="BITMAP" ResourceName="LEATHER_ARMOUR1"/>
        <Resource_19 FileName="images\sprites\f_green1.bmp" Type="BITMAP" ResourceName="F_GREEN1"/>
        <Resource_20 FileName="images/dungeon/ascii/caveWall2Def.bmp" Type="BITMAP" ResourceName="CAVEWALL2DEF"/>
        <Resource_21 FileName="images/dungeon/ascii/caveWall2Hi.bmp" Type="BITMAP" ResourceName="CAVEWALL2HI"/>
        <Resource_22 FileName="images/dungeon/ascii/caveWall3Def.bmp" Type="BITMAP" ResourceName="CAVEWALL3DEF"/>
        <Resource_23 FileName="images/dungeon/ascii/caveWall3Hi.bmp" Type="BITMAP" ResourceName="CAVEWALL3HI"/>
        <Resource_24 FileName="images/sprites/ale2.bmp" Type="BITMAP" ResourceName="ALE2"/>
        <Resource_25 FileName="images/dungeon/ascii/ustairs.bmp" Type="BITMAP" ResourceName="USTAIRS"/>
        <Resource_26 FileName="images/dungeon/ascii/dstairs.bmp" Type="BITMAP" ResourceName="DSTAIRS"/>
        <Resource_27 FileName="images\dungeon\ascii\0def.bmp" Type="BITMAP" ResourceName="0DEF"/>
        <Resource_28 FileName="images\dungeon\ascii\0hi.bmp" Type="BITMAP" ResourceName="0HI"/>
        <Resource_29 FileName="images\dungeon\ascii\1def.bmp" Type="BITMAP" ResourceName="1DEF"/>
        <Resource_30 FileName="images\dungeon\ascii\1hi.bmp" Type="BITMAP" ResourceName="1HI"/>
        <Resource_31 FileName="images\dungeon\ascii\2def.bmp" Type="BITMAP" ResourceName="2DEF"/>
        <Resource_32 FileName="images\dungeon\ascii\2hi.bmp" Type="BITMAP" ResourceName="2HI"/>
        <Resource_33 FileName="images\dungeon\ascii\3def.bmp" Type="BITMAP" ResourceName="3DEF"/>
        <Resource_34 FileName="images\dungeon\ascii\3hi.bmp" Type="BITMAP" ResourceName="3HI"/>
        <Resource_35 FileName="images\dungeon\ascii\4def.bmp" Type="BITMAP" ResourceName="4DEF"/>
        <Resource_36 FileName="images\dungeon\ascii\4hi.bmp" Type="BITMAP" ResourceName="4HI"/>
        <Resource_37 FileName="images\dungeon\ascii\5def.bmp" Type="BITMAP" ResourceName="5DEF"/>
        <Resource_38 FileName="images\dungeon\ascii\5hi.bmp" Type="BITMAP" ResourceName="5HI"/>
        <Resource_39 FileName="images\dungeon\ascii\6def.bmp" Type="BITMAP" ResourceName="6DEF"/>
        <Resource_40 FileName="images\dungeon\ascii\6hi.bmp" Type="BITMAP" ResourceName="6HI"/>
        <Resource_41 FileName="images\dungeon\ascii\7def.bmp" Type="BITMAP" ResourceName="7DEF"/>
        <Resource_42 FileName="images\dungeon\ascii\7hi.bmp" Type="BITMAP" ResourceName="7HI"/>
        <Resource_43 FileName="images\dungeon\ascii\8def.bmp" Type="BITMAP" ResourceName="8DEF"/>
        <Resource_44 FileName="images\dungeon\ascii\8hi.bmp" Type="BITMAP" ResourceName="8HI"/>
        <Resource_45 FileName="images\dungeon\ascii\9def.bmp" Type="BITMAP" ResourceName="9DEF"/>
        <Resource_46 FileName="images\dungeon\ascii\9hi.bmp" Type="BITMAP" ResourceName="9HI"/>
        <Resource_47 FileName="images\dungeon\ascii\10def.bmp" Type="BITMAP" ResourceName="10DEF"/>
        <Resource_48 FileName="images\dungeon\ascii\10hi.bmp" Type="BITMAP" ResourceName="10HI"/>
        <Resource_49 FileName="images\dungeon\ascii\11def.bmp" Type="BITMAP" ResourceName="11DEF"/>
        <Resource_50 FileName="images\dungeon\ascii\11hi.bmp" Type="BITMAP" ResourceName="11HI"/>
        <Resource_51 FileName="images\dungeon\ascii\12def.bmp" Type="BITMAP" ResourceName="12DEF"/>
        <Resource_52 FileName="images\dungeon\ascii\12hi.bmp" Type="BITMAP" ResourceName="12HI"/>
        <Resource_53 FileName="images\dungeon\ascii\13def.bmp" Type="BITMAP" ResourceName="13DEF"/>
        <Resource_54 FileName="images\dungeon\ascii\13hi.bmp" Type="BITMAP" ResourceName="13HI"/>
        <Resource_55 FileName="images\dungeon\ascii\14def.bmp" Type="BITMAP" ResourceName="14DEF"/>
        <Resource_56 FileName="images\dungeon\ascii\14hi.bmp" Type="BITMAP" ResourceName="14HI"/>
        <Resource_57 FileName="images\dungeon\ascii\15.bmp" Type="BITMAP" ResourceName="15"/>
      </Resources>
    </General>
    <VersionInfo>
      <UseVersionInfo Value="True"/>
      <RevisionNr Value="17"/>
      <Language Value="0809"/>
      <Attributes pvaDebug="True"/>
      <StringTable FileDescription="A simple Roguelike game"/>
    </VersionInfo>
    <BuildModes Count="3">
      <Item1 Name="Default" Default="True"/>
      <Item2 Name="Debug">
        <CompilerOptions>
          <Version Value="11"/>
          <PathDelim Value="\"/>
          <Target>
            <Filename Value="axe"/>
          </Target>
          <SearchPaths>
            <IncludeFiles Value="$(ProjOutDir)"/>
            <OtherUnitFiles Value="dungeons;vision;entities;items;player;items\weapons;items\armour"/>
            <UnitOutputDirectory Value="lib\$(TargetCPU)-$(TargetOS)"/>
          </SearchPaths>
          <Parsing>
            <SyntaxOptions>
              <IncludeAssertionCode Value="True"/>
            </SyntaxOptions>
          </Parsing>
          <CodeGeneration>
            <Checks>
              <IOChecks Value="True"/>
              <RangeChecks Value="True"/>
              <OverflowChecks Value="True"/>
              <StackChecks Value="True"/>
            </Checks>
            <VerifyObjMethodCallValidity Value="True"/>
            <Optimizations>
              <OptimizationLevel Value="0"/>
            </Optimizations>
          </CodeGeneration>
          <Linking>
            <Debugging>
              <UseHeaptrc Value="True"/>
            </Debugging>
            <Options>
              <Win32>
                <GraphicApplication Value="True"/>
              </Win32>
            </Options>
          </Linking>
          <Other>
            <Verbosity>
              <ShoLineNum Value="True"/>
              <ShowDebugInfo Value="True"/>
            </Verbosity>
          </Other>
        </CompilerOptions>
      </Item2>
      <Item3 Name="Release">
        <CompilerOptions>
          <Version Value="11"/>
          <PathDelim Value="\"/>
          <Target>
            <Filename Value="axe"/>
          </Target>
          <SearchPaths>
            <IncludeFiles Value="$(ProjOutDir)"/>
            <OtherUnitFiles Value="dungeons;vision;entities;items;player;items\weapons;items\armour"/>
            <UnitOutputDirectory Value="lib\$(TargetCPU)-$(TargetOS)"/>
          </SearchPaths>
          <CodeGeneration>
            <SmartLinkUnit Value="True"/>
            <RelocatableUnit Value="True"/>
            <Optimizations>
              <OptimizationLevel Value="4"/>
            </Optimizations>
            <SmallerCode Value="True"/>
          </CodeGeneration>
          <Linking>
            <Debugging>
              <GenerateDebugInfo Value="False"/>
            </Debugging>
            <LinkSmart Value="True"/>
            <Options>
              <Win32>
                <GraphicApplication Value="True"/>
              </Win32>
            </Options>
          </Linking>
        </CompilerOptions>
      </Item3>
    </BuildModes>
    <PublishOptions>
      <Version Value="2"/>
      <DestinationDirectory Value="C:\Users\ch220\Documents\FreePascal\codeToPost"/>
      <CompressFinally Value="False"/>
      <UseFileFilters Value="True"/>
    </PublishOptions>
    <RunParams>
      <FormatVersion Value="2"/>
      <Modes Count="0"/>
    </RunParams>
    <RequiredPackages Count="1">
      <Item1>
        <PackageName Value="LCL"/>
      </Item1>
    </RequiredPackages>
    <Units Count="28">
      <Unit0>
        <Filename Value="axe.lpr"/>
        <IsPartOfProject Value="True"/>
      </Unit0>
      <Unit1>
        <Filename Value="main.pas"/>
        <IsPartOfProject Value="True"/>
        <ComponentName Value="GameWindow"/>
        <HasResources Value="True"/>
        <ResourceBaseClass Value="Form"/>
      </Unit1>
      <Unit2>
        <Filename Value="map.pas"/>
        <IsPartOfProject Value="True"/>
      </Unit2>
      <Unit3>
        <Filename Value="dungeons\cave.pas"/>
        <IsPartOfProject Value="True"/>
      </Unit3>
      <Unit4>
        <Filename Value="globalutils.pas"/>
        <IsPartOfProject Value="True"/>
      </Unit4>
      <Unit5>
        <Filename Value="player\player.pas"/>
        <IsPartOfProject Value="True"/>
      </Unit5>
      <Unit6>
        <Filename Value="vision\fov.pas"/>
        <IsPartOfProject Value="True"/>
      </Unit6>
      <Unit7>
        <Filename Value="dungeons\grid_dungeon.pas"/>
        <IsPartOfProject Value="True"/>
      </Unit7>
      <Unit8>
        <Filename Value="ui.pas"/>
        <IsPartOfProject Value="True"/>
      </Unit8>
      <Unit9>
        <Filename Value="entities.pas"/>
        <IsPartOfProject Value="True"/>
      </Unit9>
      <Unit10>
        <Filename Value="entities\cave_bear.pas"/>
        <IsPartOfProject Value="True"/>
      </Unit10>
      <Unit11>
        <Filename Value="plot_gen.pas"/>
        <IsPartOfProject Value="True"/>
      </Unit11>
      <Unit12>
        <Filename Value="vision\los.pas"/>
        <IsPartOfProject Value="True"/>
      </Unit12>
      <Unit13>
        <Filename Value="items.pas"/>
        <IsPartOfProject Value="True"/>
      </Unit13>
      <Unit14>
        <Filename Value="items\ale_tankard.pas"/>
        <IsPartOfProject Value="True"/>
      </Unit14>
      <Unit15>
        <Filename Value="player\player_inventory.pas"/>
        <IsPartOfProject Value="True"/>
      </Unit15>
      <Unit16>
        <Filename Value="entities\hyena.pas"/>
        <IsPartOfProject Value="True"/>
      </Unit16>
      <Unit17>
        <Filename Value="items\weapons\dagger.pas"/>
        <IsPartOfProject Value="True"/>
      </Unit17>
      <Unit18>
        <Filename Value="items\armour\leather_armour1.pas"/>
        <IsPartOfProject Value="True"/>
      </Unit18>
      <Unit19>
        <Filename Value="items\weapons\basic_club.pas"/>
        <IsPartOfProject Value="True"/>
      </Unit19>
      <Unit20>
        <Filename Value="vision\scent_map.pas"/>
        <IsPartOfProject Value="True"/>
      </Unit20>
      <Unit21>
        <Filename Value="entities\barrel.pas"/>
        <IsPartOfProject Value="True"/>
      </Unit21>
      <Unit22>
        <Filename Value="items\armour\cloth_armour1.pas"/>
        <IsPartOfProject Value="True"/>
      </Unit22>
      <Unit23>
        <Filename Value="entities\green_fungus.pas"/>
        <IsPartOfProject Value="True"/>
      </Unit23>
      <Unit24>
        <Filename Value="dungeons\cavern.pas"/>
        <IsPartOfProject Value="True"/>
      </Unit24>
      <Unit25>
        <Filename Value="items\wine_flask.pas"/>
        <IsPartOfProject Value="True"/>
      </Unit25>
      <Unit26>
        <Filename Value="dungeons\bitmask_dungeon.pas"/>
        <IsPartOfProject Value="True"/>
      </Unit26>
      <Unit27>
        <Filename Value="dungeons\process_dungeon.pas"/>
        <IsPartOfProject Value="True"/>
      </Unit27>
    </Units>
  </ProjectOptions>
  <CompilerOptions>
    <Version Value="11"/>
    <PathDelim Value="\"/>
    <Target>
      <Filename Value="axe"/>
    </Target>
    <SearchPaths>
      <IncludeFiles Value="$(ProjOutDir)"/>
      <OtherUnitFiles Value="dungeons;vision;entities;items;player;items\weapons;items\armour"/>
      <UnitOutputDirectory Value="lib\$(TargetCPU)-$(TargetOS)"/>
    </SearchPaths>
    <Linking>
      <Options>
        <Win32>
          <GraphicApplication Value="True"/>
        </Win32>
      </Options>
    </Linking>
  </CompilerOptions>
</CONFIG>
